
Microsoft Visual Studio Solution File, Format Version 12.00
# Visual Studio Version 16
VisualStudioVersion = 16.0.30907.101
MinimumVisualStudioVersion = 10.0.40219.1
Project("{9A19103F-16F7-4668-BE54-9A1E7A4F7556}") = "Loki", "Loki\Loki.csproj", "{5A54CC0D-A616-4485-AD0C-1796657274C6}"
EndProject
Global
	GlobalSection(SolutionConfigurationPlatforms) = preSolution
		Debug|Any CPU = Debug|Any CPU
		Release|Any CPU = Release|Any CPU
	EndGlobalSection
	GlobalSection(ProjectConfigurationPlatforms) = postSolution
		{5A54CC0D-A616-4485-AD0C-1796657274C6}.Debug|Any CPU.ActiveCfg = Debug|Any CPU
		{5A54CC0D-A616-4485-AD0C-1796657274C6}.Debug|Any CPU.Build.0 = Debug|Any CPU
		{5A54CC0D-A616-4485-AD0C-1796657274C6}.Release|Any CPU.ActiveCfg = Release|Any CPU
		{5A54CC0D-A616-4485-AD0C-1796657274C6}.Release|Any CPU.Build.0 = Release|Any CPU
	EndGlobalSection
	GlobalSection(SolutionProperties) = preSolution
		HideSolutionNode = FALSE
	EndGlobalSection
	GlobalSection(ExtensibilityGlobals) = postSolution
		SolutionGuid = {2163F558-4183-4B63-8184-FB8CBD986DF5}
	EndGlobalSection
EndGlobal
